
Microsoft Visual Studio Solution File, Format Version 12.00
# Visual Studio Version 17
VisualStudioVersion = 17.9.34616.47
MinimumVisualStudioVersion = 10.0.40219.1
Project("{2150E333-8FDC-42A3-9474-1A3956D46DE8}") = "Application", "Application", "{2857C0A1-C922-4463-AD68-E2FED20E95B9}"
EndProject
Project("{2150E333-8FDC-42A3-9474-1A3956D46DE8}") = "Domain", "Domain", "{4AABF11C-B8A2-4FB0-B310-989844EB8754}"
EndProject
Project("{2150E333-8FDC-42A3-9474-1A3956D46DE8}") = "Infrstructure", "Infrstructure", "{CFD552A6-9AA0-4397-B454-9CDEA4657F11}"
EndProject
Project("{2150E333-8FDC-42A3-9474-1A3956D46DE8}") = "Tools", "Tools", "{A8324BE7-62A0-4964-8C8D-744CD2E6B105}"
EndProject
Project("{9A19103F-16F7-4668-BE54-9A1E7A4F7556}") = "CarParkSystem.Domain", "CarParkSystem.Domain\CarParkSystem.Domain.csproj", "{033F503B-C452-4D77-AC64-7C97D028CDBF}"
EndProject
Project("{FAE04EC0-301F-11D3-BF4B-00C04F79EFBC}") = "CarParkSystem.Data", "CarParkSystem.Data\CarParkSystem.Data.csproj", "{5FD89E9A-AD96-4073-AF8D-D5FB707DE0A4}"
EndProject
Project("{FAE04EC0-301F-11D3-BF4B-00C04F79EFBC}") = "CarParkSystem.WPF", "CarParkSystem.WPF\CarParkSystem.WPF.csproj", "{9C242740-67E6-47EF-B2D4-2DC32A2AC508}"
EndProject
Project("{FAE04EC0-301F-11D3-BF4B-00C04F79EFBC}") = "CarParkSystem.API", "CarParkSystem.API\CarParkSystem.API.csproj", "{D23AFD65-4D9A-40A2-B559-AD4E6D4523A8}"
EndProject
Project("{2150E333-8FDC-42A3-9474-1A3956D46DE8}") = "Presentation", "Presentation", "{36D591C7-65C7-A0D1-1CBC-10CDE441BDC8}"
EndProject
Project("{FAE04EC0-301F-11D3-BF4B-00C04F79EFBC}") = "CarParkSystem.App", "CarParkSystem.App\CarParkSystem.App.csproj", "{806CEDDA-6119-4021-9316-F985276A3CEF}"
EndProject
Global
	GlobalSection(SolutionConfigurationPlatforms) = preSolution
		Debug|Any CPU = Debug|Any CPU
		Release|Any CPU = Release|Any CPU
	EndGlobalSection
	GlobalSection(ProjectConfigurationPlatforms) = postSolution
		{033F503B-C452-4D77-AC64-7C97D028CDBF}.Debug|Any CPU.ActiveCfg = Debug|Any CPU
		{033F503B-C452-4D77-AC64-7C97D028CDBF}.Debug|Any CPU.Build.0 = Debug|Any CPU
		{033F503B-C452-4D77-AC64-7C97D028CDBF}.Release|Any CPU.ActiveCfg = Release|Any CPU
		{033F503B-C452-4D77-AC64-7C97D028CDBF}.Release|Any CPU.Build.0 = Release|Any CPU
		{5FD89E9A-AD96-4073-AF8D-D5FB707DE0A4}.Debug|Any CPU.ActiveCfg = Debug|Any CPU
		{5FD89E9A-AD96-4073-AF8D-D5FB707DE0A4}.Debug|Any CPU.Build.0 = Debug|Any CPU
		{5FD89E9A-AD96-4073-AF8D-D5FB707DE0A4}.Release|Any CPU.ActiveCfg = Release|Any CPU
		{5FD89E9A-AD96-4073-AF8D-D5FB707DE0A4}.Release|Any CPU.Build.0 = Release|Any CPU
		{9C242740-67E6-47EF-B2D4-2DC32A2AC508}.Debug|Any CPU.ActiveCfg = Debug|Any CPU
		{9C242740-67E6-47EF-B2D4-2DC32A2AC508}.Debug|Any CPU.Build.0 = Debug|Any CPU
		{9C242740-67E6-47EF-B2D4-2DC32A2AC508}.Release|Any CPU.ActiveCfg = Release|Any CPU
		{9C242740-67E6-47EF-B2D4-2DC32A2AC508}.Release|Any CPU.Build.0 = Release|Any CPU
		{D23AFD65-4D9A-40A2-B559-AD4E6D4523A8}.Debug|Any CPU.ActiveCfg = Debug|Any CPU
		{D23AFD65-4D9A-40A2-B559-AD4E6D4523A8}.Debug|Any CPU.Build.0 = Debug|Any CPU
		{D23AFD65-4D9A-40A2-B559-AD4E6D4523A8}.Release|Any CPU.ActiveCfg = Release|Any CPU
		{D23AFD65-4D9A-40A2-B559-AD4E6D4523A8}.Release|Any CPU.Build.0 = Release|Any CPU
		{806CEDDA-6119-4021-9316-F985276A3CEF}.Debug|Any CPU.ActiveCfg = Debug|Any CPU
		{806CEDDA-6119-4021-9316-F985276A3CEF}.Debug|Any CPU.Build.0 = Debug|Any CPU
		{806CEDDA-6119-4021-9316-F985276A3CEF}.Release|Any CPU.ActiveCfg = Release|Any CPU
		{806CEDDA-6119-4021-9316-F985276A3CEF}.Release|Any CPU.Build.0 = Release|Any CPU
	EndGlobalSection
	GlobalSection(SolutionProperties) = preSolution
		HideSolutionNode = FALSE
	EndGlobalSection
	GlobalSection(NestedProjects) = preSolution
		{033F503B-C452-4D77-AC64-7C97D028CDBF} = {4AABF11C-B8A2-4FB0-B310-989844EB8754}
		{5FD89E9A-AD96-4073-AF8D-D5FB707DE0A4} = {CFD552A6-9AA0-4397-B454-9CDEA4657F11}
		{9C242740-67E6-47EF-B2D4-2DC32A2AC508} = {36D591C7-65C7-A0D1-1CBC-10CDE441BDC8}
		{D23AFD65-4D9A-40A2-B559-AD4E6D4523A8} = {CFD552A6-9AA0-4397-B454-9CDEA4657F11}
		{806CEDDA-6119-4021-9316-F985276A3CEF} = {2857C0A1-C922-4463-AD68-E2FED20E95B9}
	EndGlobalSection
	GlobalSection(ExtensibilityGlobals) = postSolution
		SolutionGuid = {1A4845E8-A4D6-47DC-883E-D7C4F0EEB557}
	EndGlobalSection
EndGlobal
